
Microsoft Visual Studio Solution File, Format Version 12.00
# Visual Studio Version 16
VisualStudioVersion = 16.0.29728.190
MinimumVisualStudioVersion = 10.0.40219.1
Project("{9A19103F-16F7-4668-BE54-9A1E7A4F7556}") = "WebAPI", "WebAPI\WebAPI.csproj", "{B2A82319-3A9D-40B3-B346-8A24B1AFE5C3}"
EndProject
Project("{9A19103F-16F7-4668-BE54-9A1E7A4F7556}") = "DataAccess", "DataAccess\DataAccess.csproj", "{6E0FC011-F1FE-458C-8E4F-E4AF24E66D56}"
EndProject
Project("{9A19103F-16F7-4668-BE54-9A1E7A4F7556}") = "Core", "Core\Core.csproj", "{92CEC4FC-E646-4787-81FF-A18AEF10C0EE}"
EndProject
Project("{9A19103F-16F7-4668-BE54-9A1E7A4F7556}") = "Business", "Business\Business.csproj", "{BE030678-CFD5-4C1B-93C3-C66393950544}"
EndProject
Project("{9A19103F-16F7-4668-BE54-9A1E7A4F7556}") = "Entities", "Entities\Entities.csproj", "{860503BE-B22B-4F33-B853-189C393BC91E}"
EndProject
Project("{FAE04EC0-301F-11D3-BF4B-00C04F79EFBC}") = "BeholderSockets", "BeholderSockets\BeholderSockets.csproj", "{5AA3FDBF-180D-450F-A167-B6ECBE076B90}"
EndProject
Global
	GlobalSection(SolutionConfigurationPlatforms) = preSolution
		Debug|Any CPU = Debug|Any CPU
		Release|Any CPU = Release|Any CPU
	EndGlobalSection
	GlobalSection(ProjectConfigurationPlatforms) = postSolution
		{B2A82319-3A9D-40B3-B346-8A24B1AFE5C3}.Debug|Any CPU.ActiveCfg = Debug|Any CPU
		{B2A82319-3A9D-40B3-B346-8A24B1AFE5C3}.Debug|Any CPU.Build.0 = Debug|Any CPU
		{B2A82319-3A9D-40B3-B346-8A24B1AFE5C3}.Release|Any CPU.ActiveCfg = Release|Any CPU
		{B2A82319-3A9D-40B3-B346-8A24B1AFE5C3}.Release|Any CPU.Build.0 = Release|Any CPU
		{6E0FC011-F1FE-458C-8E4F-E4AF24E66D56}.Debug|Any CPU.ActiveCfg = Debug|Any CPU
		{6E0FC011-F1FE-458C-8E4F-E4AF24E66D56}.Debug|Any CPU.Build.0 = Debug|Any CPU
		{6E0FC011-F1FE-458C-8E4F-E4AF24E66D56}.Release|Any CPU.ActiveCfg = Release|Any CPU
		{6E0FC011-F1FE-458C-8E4F-E4AF24E66D56}.Release|Any CPU.Build.0 = Release|Any CPU
		{92CEC4FC-E646-4787-81FF-A18AEF10C0EE}.Debug|Any CPU.ActiveCfg = Debug|Any CPU
		{92CEC4FC-E646-4787-81FF-A18AEF10C0EE}.Debug|Any CPU.Build.0 = Debug|Any CPU
		{92CEC4FC-E646-4787-81FF-A18AEF10C0EE}.Release|Any CPU.ActiveCfg = Release|Any CPU
		{92CEC4FC-E646-4787-81FF-A18AEF10C0EE}.Release|Any CPU.Build.0 = Release|Any CPU
		{BE030678-CFD5-4C1B-93C3-C66393950544}.Debug|Any CPU.ActiveCfg = Debug|Any CPU
		{BE030678-CFD5-4C1B-93C3-C66393950544}.Debug|Any CPU.Build.0 = Debug|Any CPU
		{BE030678-CFD5-4C1B-93C3-C66393950544}.Release|Any CPU.ActiveCfg = Release|Any CPU
		{BE030678-CFD5-4C1B-93C3-C66393950544}.Release|Any CPU.Build.0 = Release|Any CPU
		{860503BE-B22B-4F33-B853-189C393BC91E}.Debug|Any CPU.ActiveCfg = Debug|Any CPU
		{860503BE-B22B-4F33-B853-189C393BC91E}.Debug|Any CPU.Build.0 = Debug|Any CPU
		{860503BE-B22B-4F33-B853-189C393BC91E}.Release|Any CPU.ActiveCfg = Release|Any CPU
		{860503BE-B22B-4F33-B853-189C393BC91E}.Release|Any CPU.Build.0 = Release|Any CPU
		{5AA3FDBF-180D-450F-A167-B6ECBE076B90}.Debug|Any CPU.ActiveCfg = Debug|Any CPU
		{5AA3FDBF-180D-450F-A167-B6ECBE076B90}.Debug|Any CPU.Build.0 = Debug|Any CPU
		{5AA3FDBF-180D-450F-A167-B6ECBE076B90}.Release|Any CPU.ActiveCfg = Release|Any CPU
		{5AA3FDBF-180D-450F-A167-B6ECBE076B90}.Release|Any CPU.Build.0 = Release|Any CPU
	EndGlobalSection
	GlobalSection(SolutionProperties) = preSolution
		HideSolutionNode = FALSE
	EndGlobalSection
	GlobalSection(ExtensibilityGlobals) = postSolution
		SolutionGuid = {86C26CCA-C6C4-4795-B2C3-ACE47DC03EDD}
	EndGlobalSection
EndGlobal
